
Microsoft Visual Studio Solution File, Format Version 12.00
# Visual Studio Version 17
VisualStudioVersion = 17.0.31919.166
MinimumVisualStudioVersion = 10.0.40219.1
Project("{9A19103F-16F7-4668-BE54-9A1E7A4F7556}") = "FluentSerializer.Json", "src\FluentSerializer.Json\FluentSerializer.Json.csproj", "{1980EA69-E4F7-4E00-AF4A-80050BCFF6D3}"
EndProject
Project("{9A19103F-16F7-4668-BE54-9A1E7A4F7556}") = "FluentSerializer.Core", "src\FluentSerializer.Core\FluentSerializer.Core.csproj", "{2E572BDF-8960-4186-B45B-5A3E1B1A16CF}"
EndProject
Project("{9A19103F-16F7-4668-BE54-9A1E7A4F7556}") = "FluentSerializer.Xml", "src\FluentSerializer.Xml\FluentSerializer.Xml.csproj", "{B70EE7A9-E78A-4A8C-AB12-6F3322AFF552}"
EndProject
Project("{9A19103F-16F7-4668-BE54-9A1E7A4F7556}") = "FluentSerializer.Json.Tests", "src\FluentSerializer.Json.Tests\FluentSerializer.Json.Tests.csproj", "{CDEFEA49-F386-478D-AF33-DA2E6705DBA5}"
EndProject
Project("{2150E333-8FDC-42A3-9474-1A3956D46DE8}") = "_", "_", "{6D31C618-434F-478E-A1B0-55321178D216}"
	ProjectSection(SolutionItems) = preProject
		.editorconfig = .editorconfig
		.gitignore = .gitignore
		LICENSE.md = LICENSE.md
		README.md = README.md
	EndProjectSection
EndProject
Project("{2150E333-8FDC-42A3-9474-1A3956D46DE8}") = "Documentation", "Documentation", "{17422E12-1E2E-4C54-86E4-5F7F18D5D259}"
EndProject
Project("{2150E333-8FDC-42A3-9474-1A3956D46DE8}") = "Api design", "Api design", "{A045275C-9797-45B2-A8D6-DE7EF20536E1}"
	ProjectSection(SolutionItems) = preProject
		doc\api design\Api design.md = doc\api design\Api design.md
	EndProjectSection
EndProject
Project("{2150E333-8FDC-42A3-9474-1A3956D46DE8}") = "Json", "Json", "{D72D19A6-99CD-4916-A737-64B1A2D729A9}"
EndProject
Project("{9A19103F-16F7-4668-BE54-9A1E7A4F7556}") = "FluentSerializer.Xml.Tests", "src\FluentSerializer.Xml.Tests\FluentSerializer.Xml.Tests.csproj", "{588CE32C-6286-4713-97EB-D21FB2D188BD}"
EndProject
Project("{2150E333-8FDC-42A3-9474-1A3956D46DE8}") = "Xml", "Xml", "{A3D13BDF-78FF-4674-BD80-01681DFA9B07}"
EndProject
Project("{2150E333-8FDC-42A3-9474-1A3956D46DE8}") = "Core", "Core", "{6AE18568-4F61-4920-9D44-140C013B2F66}"
EndProject
Project("{9A19103F-16F7-4668-BE54-9A1E7A4F7556}") = "FluentSerializer.Core.TestUtils", "src\FluentSerializer.Core.TestUtils\FluentSerializer.Core.TestUtils.csproj", "{D3832D51-E05A-4947-89EF-DD929AC042E1}"
EndProject
Project("{2150E333-8FDC-42A3-9474-1A3956D46DE8}") = "UseCases", "UseCases", "{69019026-F1D9-478C-95DA-ABA44A503157}"
EndProject
Project("{9A19103F-16F7-4668-BE54-9A1E7A4F7556}") = "FluentSerializer.UseCase.Mavenlink", "src\FluentSerializer.UseCase.Mavenlink\FluentSerializer.UseCase.Mavenlink.csproj", "{63D9D0E7-5188-44A7-AF2F-5D91663A5132}"
EndProject
Project("{9A19103F-16F7-4668-BE54-9A1E7A4F7556}") = "FluentSerializer.UseCase.OpenAir", "src\FluentSerializer.UseCase.OpenAir\FluentSerializer.UseCase.OpenAir.csproj", "{EAD29C39-BA6C-4C07-90FB-361B366E2B75}"
EndProject
Project("{9A19103F-16F7-4668-BE54-9A1E7A4F7556}") = "FluentSerializer.Core.BenchmarkUtils", "src\FluentSerializer.Core.BenchmarkUtils\FluentSerializer.Core.BenchmarkUtils.csproj", "{90446465-CCE1-458E-9C43-2B11743611FE}"
EndProject
Project("{9A19103F-16F7-4668-BE54-9A1E7A4F7556}") = "FluentSerializer.Json.Benchmark", "src\FluentSerializer.Json.Benchmark\FluentSerializer.Json.Benchmark.csproj", "{2DD54D58-96A1-417B-B84D-F09857B2C6A7}"
EndProject
Project("{9A19103F-16F7-4668-BE54-9A1E7A4F7556}") = "FluentSerializer.Xml.Benchmark", "src\FluentSerializer.Xml.Benchmark\FluentSerializer.Xml.Benchmark.csproj", "{2CD835E4-5E03-4358-AF7D-B0DE533861A2}"
EndProject
Project("{9A19103F-16F7-4668-BE54-9A1E7A4F7556}") = "FluentSerializer.Xml.Converter.DefaultXml", "src\FluentSerializer.Xml.Converter.DefaultXml\FluentSerializer.Xml.Converter.DefaultXml.csproj", "{66B04BC9-C43E-49B0-BD4B-8C04A1CA67F9}"
EndProject
Project("{9A19103F-16F7-4668-BE54-9A1E7A4F7556}") = "FluentSerializer.Json.Converter.DefaultJson", "src\FluentSerializer.Json.Converter.DefaultJson\FluentSerializer.Json.Converter.DefaultJson.csproj", "{0D0EBDE7-2BFF-4172-B677-1D151E6B83A6}"
EndProject
Project("{9A19103F-16F7-4668-BE54-9A1E7A4F7556}") = "FluentSerializer.Core.DependencyInjection.NetCoreDefault", "src\FluentSerializer.Core.DependencyInjection.NetCoreDefault\FluentSerializer.Core.DependencyInjection.NetCoreDefault.csproj", "{8E624F0B-F7AC-4E8F-8A4E-FA8302B771C4}"
EndProject
Project("{9A19103F-16F7-4668-BE54-9A1E7A4F7556}") = "FluentSerializer.Json.DependencyInjection.NetCoreDefault", "src\FluentSerializer.Json.DependencyInjection.NetCoreDefault\FluentSerializer.Json.DependencyInjection.NetCoreDefault.csproj", "{F095FAD7-30C7-4085-902D-32DC083C944A}"
EndProject
Project("{9A19103F-16F7-4668-BE54-9A1E7A4F7556}") = "FluentSerializer.Xml.DependencyInjection.NetCoreDefault", "src\FluentSerializer.Xml.DependencyInjection.NetCoreDefault\FluentSerializer.Xml.DependencyInjection.NetCoreDefault.csproj", "{E6669DEB-2A4A-4819-9A5F-18B8CAD5DA2F}"
EndProject
Global
	GlobalSection(SolutionConfigurationPlatforms) = preSolution
		Debug|Any CPU = Debug|Any CPU
		Release|Any CPU = Release|Any CPU
	EndGlobalSection
	GlobalSection(ProjectConfigurationPlatforms) = postSolution
		{1980EA69-E4F7-4E00-AF4A-80050BCFF6D3}.Debug|Any CPU.ActiveCfg = Debug|Any CPU
		{1980EA69-E4F7-4E00-AF4A-80050BCFF6D3}.Debug|Any CPU.Build.0 = Debug|Any CPU
		{1980EA69-E4F7-4E00-AF4A-80050BCFF6D3}.Release|Any CPU.ActiveCfg = Release|Any CPU
		{1980EA69-E4F7-4E00-AF4A-80050BCFF6D3}.Release|Any CPU.Build.0 = Release|Any CPU
		{2E572BDF-8960-4186-B45B-5A3E1B1A16CF}.Debug|Any CPU.ActiveCfg = Debug|Any CPU
		{2E572BDF-8960-4186-B45B-5A3E1B1A16CF}.Debug|Any CPU.Build.0 = Debug|Any CPU
		{2E572BDF-8960-4186-B45B-5A3E1B1A16CF}.Release|Any CPU.ActiveCfg = Release|Any CPU
		{2E572BDF-8960-4186-B45B-5A3E1B1A16CF}.Release|Any CPU.Build.0 = Release|Any CPU
		{B70EE7A9-E78A-4A8C-AB12-6F3322AFF552}.Debug|Any CPU.ActiveCfg = Debug|Any CPU
		{B70EE7A9-E78A-4A8C-AB12-6F3322AFF552}.Debug|Any CPU.Build.0 = Debug|Any CPU
		{B70EE7A9-E78A-4A8C-AB12-6F3322AFF552}.Release|Any CPU.ActiveCfg = Release|Any CPU
		{B70EE7A9-E78A-4A8C-AB12-6F3322AFF552}.Release|Any CPU.Build.0 = Release|Any CPU
		{CDEFEA49-F386-478D-AF33-DA2E6705DBA5}.Debug|Any CPU.ActiveCfg = Debug|Any CPU
		{CDEFEA49-F386-478D-AF33-DA2E6705DBA5}.Debug|Any CPU.Build.0 = Debug|Any CPU
		{CDEFEA49-F386-478D-AF33-DA2E6705DBA5}.Release|Any CPU.ActiveCfg = Release|Any CPU
		{CDEFEA49-F386-478D-AF33-DA2E6705DBA5}.Release|Any CPU.Build.0 = Release|Any CPU
		{588CE32C-6286-4713-97EB-D21FB2D188BD}.Debug|Any CPU.ActiveCfg = Debug|Any CPU
		{588CE32C-6286-4713-97EB-D21FB2D188BD}.Debug|Any CPU.Build.0 = Debug|Any CPU
		{588CE32C-6286-4713-97EB-D21FB2D188BD}.Release|Any CPU.ActiveCfg = Release|Any CPU
		{588CE32C-6286-4713-97EB-D21FB2D188BD}.Release|Any CPU.Build.0 = Release|Any CPU
		{D3832D51-E05A-4947-89EF-DD929AC042E1}.Debug|Any CPU.ActiveCfg = Debug|Any CPU
		{D3832D51-E05A-4947-89EF-DD929AC042E1}.Debug|Any CPU.Build.0 = Debug|Any CPU
		{D3832D51-E05A-4947-89EF-DD929AC042E1}.Release|Any CPU.ActiveCfg = Release|Any CPU
		{D3832D51-E05A-4947-89EF-DD929AC042E1}.Release|Any CPU.Build.0 = Release|Any CPU
		{63D9D0E7-5188-44A7-AF2F-5D91663A5132}.Debug|Any CPU.ActiveCfg = Debug|Any CPU
		{63D9D0E7-5188-44A7-AF2F-5D91663A5132}.Debug|Any CPU.Build.0 = Debug|Any CPU
		{63D9D0E7-5188-44A7-AF2F-5D91663A5132}.Release|Any CPU.ActiveCfg = Release|Any CPU
		{63D9D0E7-5188-44A7-AF2F-5D91663A5132}.Release|Any CPU.Build.0 = Release|Any CPU
		{EAD29C39-BA6C-4C07-90FB-361B366E2B75}.Debug|Any CPU.ActiveCfg = Debug|Any CPU
		{EAD29C39-BA6C-4C07-90FB-361B366E2B75}.Debug|Any CPU.Build.0 = Debug|Any CPU
		{EAD29C39-BA6C-4C07-90FB-361B366E2B75}.Release|Any CPU.ActiveCfg = Release|Any CPU
		{EAD29C39-BA6C-4C07-90FB-361B366E2B75}.Release|Any CPU.Build.0 = Release|Any CPU
		{90446465-CCE1-458E-9C43-2B11743611FE}.Debug|Any CPU.ActiveCfg = Debug|Any CPU
		{90446465-CCE1-458E-9C43-2B11743611FE}.Debug|Any CPU.Build.0 = Debug|Any CPU
		{90446465-CCE1-458E-9C43-2B11743611FE}.Release|Any CPU.ActiveCfg = Release|Any CPU
		{90446465-CCE1-458E-9C43-2B11743611FE}.Release|Any CPU.Build.0 = Release|Any CPU
		{2DD54D58-96A1-417B-B84D-F09857B2C6A7}.Debug|Any CPU.ActiveCfg = Debug|Any CPU
		{2DD54D58-96A1-417B-B84D-F09857B2C6A7}.Debug|Any CPU.Build.0 = Debug|Any CPU
		{2DD54D58-96A1-417B-B84D-F09857B2C6A7}.Release|Any CPU.ActiveCfg = Release|Any CPU
		{2DD54D58-96A1-417B-B84D-F09857B2C6A7}.Release|Any CPU.Build.0 = Release|Any CPU
		{2CD835E4-5E03-4358-AF7D-B0DE533861A2}.Debug|Any CPU.ActiveCfg = Debug|Any CPU
		{2CD835E4-5E03-4358-AF7D-B0DE533861A2}.Debug|Any CPU.Build.0 = Debug|Any CPU
		{2CD835E4-5E03-4358-AF7D-B0DE533861A2}.Release|Any CPU.ActiveCfg = Release|Any CPU
		{2CD835E4-5E03-4358-AF7D-B0DE533861A2}.Release|Any CPU.Build.0 = Release|Any CPU
		{66B04BC9-C43E-49B0-BD4B-8C04A1CA67F9}.Debug|Any CPU.ActiveCfg = Debug|Any CPU
		{66B04BC9-C43E-49B0-BD4B-8C04A1CA67F9}.Debug|Any CPU.Build.0 = Debug|Any CPU
		{66B04BC9-C43E-49B0-BD4B-8C04A1CA67F9}.Release|Any CPU.ActiveCfg = Release|Any CPU
		{66B04BC9-C43E-49B0-BD4B-8C04A1CA67F9}.Release|Any CPU.Build.0 = Release|Any CPU
		{0D0EBDE7-2BFF-4172-B677-1D151E6B83A6}.Debug|Any CPU.ActiveCfg = Debug|Any CPU
		{0D0EBDE7-2BFF-4172-B677-1D151E6B83A6}.Debug|Any CPU.Build.0 = Debug|Any CPU
		{0D0EBDE7-2BFF-4172-B677-1D151E6B83A6}.Release|Any CPU.ActiveCfg = Release|Any CPU
		{0D0EBDE7-2BFF-4172-B677-1D151E6B83A6}.Release|Any CPU.Build.0 = Release|Any CPU
		{8E624F0B-F7AC-4E8F-8A4E-FA8302B771C4}.Debug|Any CPU.ActiveCfg = Debug|Any CPU
		{8E624F0B-F7AC-4E8F-8A4E-FA8302B771C4}.Debug|Any CPU.Build.0 = Debug|Any CPU
		{8E624F0B-F7AC-4E8F-8A4E-FA8302B771C4}.Release|Any CPU.ActiveCfg = Release|Any CPU
		{8E624F0B-F7AC-4E8F-8A4E-FA8302B771C4}.Release|Any CPU.Build.0 = Release|Any CPU
		{F095FAD7-30C7-4085-902D-32DC083C944A}.Debug|Any CPU.ActiveCfg = Debug|Any CPU
		{F095FAD7-30C7-4085-902D-32DC083C944A}.Debug|Any CPU.Build.0 = Debug|Any CPU
		{F095FAD7-30C7-4085-902D-32DC083C944A}.Release|Any CPU.ActiveCfg = Release|Any CPU
		{F095FAD7-30C7-4085-902D-32DC083C944A}.Release|Any CPU.Build.0 = Release|Any CPU
		{E6669DEB-2A4A-4819-9A5F-18B8CAD5DA2F}.Debug|Any CPU.ActiveCfg = Debug|Any CPU
		{E6669DEB-2A4A-4819-9A5F-18B8CAD5DA2F}.Debug|Any CPU.Build.0 = Debug|Any CPU
		{E6669DEB-2A4A-4819-9A5F-18B8CAD5DA2F}.Release|Any CPU.ActiveCfg = Release|Any CPU
		{E6669DEB-2A4A-4819-9A5F-18B8CAD5DA2F}.Release|Any CPU.Build.0 = Release|Any CPU
	EndGlobalSection
	GlobalSection(SolutionProperties) = preSolution
		HideSolutionNode = FALSE
	EndGlobalSection
	GlobalSection(NestedProjects) = preSolution
		{1980EA69-E4F7-4E00-AF4A-80050BCFF6D3} = {D72D19A6-99CD-4916-A737-64B1A2D729A9}
		{2E572BDF-8960-4186-B45B-5A3E1B1A16CF} = {6AE18568-4F61-4920-9D44-140C013B2F66}
		{B70EE7A9-E78A-4A8C-AB12-6F3322AFF552} = {A3D13BDF-78FF-4674-BD80-01681DFA9B07}
		{CDEFEA49-F386-478D-AF33-DA2E6705DBA5} = {D72D19A6-99CD-4916-A737-64B1A2D729A9}
		{17422E12-1E2E-4C54-86E4-5F7F18D5D259} = {6D31C618-434F-478E-A1B0-55321178D216}
		{A045275C-9797-45B2-A8D6-DE7EF20536E1} = {17422E12-1E2E-4C54-86E4-5F7F18D5D259}
		{588CE32C-6286-4713-97EB-D21FB2D188BD} = {A3D13BDF-78FF-4674-BD80-01681DFA9B07}
		{D3832D51-E05A-4947-89EF-DD929AC042E1} = {6AE18568-4F61-4920-9D44-140C013B2F66}
		{69019026-F1D9-478C-95DA-ABA44A503157} = {6D31C618-434F-478E-A1B0-55321178D216}
		{63D9D0E7-5188-44A7-AF2F-5D91663A5132} = {69019026-F1D9-478C-95DA-ABA44A503157}
		{EAD29C39-BA6C-4C07-90FB-361B366E2B75} = {69019026-F1D9-478C-95DA-ABA44A503157}
		{90446465-CCE1-458E-9C43-2B11743611FE} = {6AE18568-4F61-4920-9D44-140C013B2F66}
		{2DD54D58-96A1-417B-B84D-F09857B2C6A7} = {D72D19A6-99CD-4916-A737-64B1A2D729A9}
		{2CD835E4-5E03-4358-AF7D-B0DE533861A2} = {A3D13BDF-78FF-4674-BD80-01681DFA9B07}
		{66B04BC9-C43E-49B0-BD4B-8C04A1CA67F9} = {A3D13BDF-78FF-4674-BD80-01681DFA9B07}
		{0D0EBDE7-2BFF-4172-B677-1D151E6B83A6} = {D72D19A6-99CD-4916-A737-64B1A2D729A9}
		{8E624F0B-F7AC-4E8F-8A4E-FA8302B771C4} = {6AE18568-4F61-4920-9D44-140C013B2F66}
		{F095FAD7-30C7-4085-902D-32DC083C944A} = {D72D19A6-99CD-4916-A737-64B1A2D729A9}
		{E6669DEB-2A4A-4819-9A5F-18B8CAD5DA2F} = {A3D13BDF-78FF-4674-BD80-01681DFA9B07}
	EndGlobalSection
	GlobalSection(ExtensibilityGlobals) = postSolution
		SolutionGuid = {5248BDA1-F7C6-438C-B359-C7A2B9C18EED}
	EndGlobalSection
EndGlobal
